
Microsoft Visual Studio Solution File, Format Version 12.00
# Visual Studio Version 17
VisualStudioVersion = 17.0.31611.283
MinimumVisualStudioVersion = 10.0.40219.1
Project("{9A19103F-16F7-4668-BE54-9A1E7A4F7556}") = "MauiApp1", "MauiApp1\MauiApp1.csproj", "{FE4A46D6-DA69-4BE2-A6F0-8C6BFE85F2F9}"
EndProject
Project("{9A19103F-16F7-4668-BE54-9A1E7A4F7556}") = "RazorPages", "RazorPages\RazorPages.csproj", "{FE3C6C37-7E2C-48C4-BAB3-E54D3A354678}"
EndProject
Project("{9A19103F-16F7-4668-BE54-9A1E7A4F7556}") = "WebAPi", "WebAPi\WebAPi.csproj", "{130D1F46-23F7-404C-A31F-04AC6E2DBE7F}"
EndProject
Project("{9A19103F-16F7-4668-BE54-9A1E7A4F7556}") = "TurfApi", "TurfApi\TurfApi.csproj", "{AEC209F3-096B-4B31-981B-8090FD658222}"
EndProject
Project("{FAE04EC0-301F-11D3-BF4B-00C04F79EFBC}") = "turfUnitTest", "turfUnitTest\turfUnitTest.csproj", "{A987D807-3C99-46D0-9A11-BF4A6E28202F}"
EndProject
Global
	GlobalSection(SolutionConfigurationPlatforms) = preSolution
		Debug|Any CPU = Debug|Any CPU
		Release|Any CPU = Release|Any CPU
	EndGlobalSection
	GlobalSection(ProjectConfigurationPlatforms) = postSolution
		{FE4A46D6-DA69-4BE2-A6F0-8C6BFE85F2F9}.Debug|Any CPU.ActiveCfg = Debug|Any CPU
		{FE4A46D6-DA69-4BE2-A6F0-8C6BFE85F2F9}.Debug|Any CPU.Build.0 = Debug|Any CPU
		{FE4A46D6-DA69-4BE2-A6F0-8C6BFE85F2F9}.Debug|Any CPU.Deploy.0 = Debug|Any CPU
		{FE4A46D6-DA69-4BE2-A6F0-8C6BFE85F2F9}.Release|Any CPU.ActiveCfg = Release|Any CPU
		{FE4A46D6-DA69-4BE2-A6F0-8C6BFE85F2F9}.Release|Any CPU.Build.0 = Release|Any CPU
		{FE4A46D6-DA69-4BE2-A6F0-8C6BFE85F2F9}.Release|Any CPU.Deploy.0 = Release|Any CPU
		{FE3C6C37-7E2C-48C4-BAB3-E54D3A354678}.Debug|Any CPU.ActiveCfg = Debug|Any CPU
		{FE3C6C37-7E2C-48C4-BAB3-E54D3A354678}.Debug|Any CPU.Build.0 = Debug|Any CPU
		{FE3C6C37-7E2C-48C4-BAB3-E54D3A354678}.Release|Any CPU.ActiveCfg = Release|Any CPU
		{FE3C6C37-7E2C-48C4-BAB3-E54D3A354678}.Release|Any CPU.Build.0 = Release|Any CPU
		{130D1F46-23F7-404C-A31F-04AC6E2DBE7F}.Debug|Any CPU.ActiveCfg = Debug|Any CPU
		{130D1F46-23F7-404C-A31F-04AC6E2DBE7F}.Debug|Any CPU.Build.0 = Debug|Any CPU
		{130D1F46-23F7-404C-A31F-04AC6E2DBE7F}.Release|Any CPU.ActiveCfg = Release|Any CPU
		{130D1F46-23F7-404C-A31F-04AC6E2DBE7F}.Release|Any CPU.Build.0 = Release|Any CPU
		{AEC209F3-096B-4B31-981B-8090FD658222}.Debug|Any CPU.ActiveCfg = Debug|Any CPU
		{AEC209F3-096B-4B31-981B-8090FD658222}.Debug|Any CPU.Build.0 = Debug|Any CPU
		{AEC209F3-096B-4B31-981B-8090FD658222}.Release|Any CPU.ActiveCfg = Release|Any CPU
		{AEC209F3-096B-4B31-981B-8090FD658222}.Release|Any CPU.Build.0 = Release|Any CPU
		{A987D807-3C99-46D0-9A11-BF4A6E28202F}.Debug|Any CPU.ActiveCfg = Debug|Any CPU
		{A987D807-3C99-46D0-9A11-BF4A6E28202F}.Debug|Any CPU.Build.0 = Debug|Any CPU
		{A987D807-3C99-46D0-9A11-BF4A6E28202F}.Release|Any CPU.ActiveCfg = Release|Any CPU
		{A987D807-3C99-46D0-9A11-BF4A6E28202F}.Release|Any CPU.Build.0 = Release|Any CPU
	EndGlobalSection
	GlobalSection(SolutionProperties) = preSolution
		HideSolutionNode = FALSE
	EndGlobalSection
	GlobalSection(ExtensibilityGlobals) = postSolution
		SolutionGuid = {61F7FB11-1E47-470C-91E2-47F8143E1572}
	EndGlobalSection
EndGlobal
